
Microsoft Visual Studio Solution File, Format Version 12.00
# Visual Studio Version 16
VisualStudioVersion = 16.0.33927.289
MinimumVisualStudioVersion = 10.0.40219.1
Project("{2150E333-8FDC-42A3-9474-1A3956D46DE8}") = "Task0", "Task0", "{AE486BD1-8572-40AC-89DB-2E7A9CFD29E7}"
EndProject
Project("{FAE04EC0-301F-11D3-BF4B-00C04F79EFBC}") = "Tyuiu.KaidalovIG.Sprint1.Task0.V0", "Tyuiu.KaidalovIG.Sprint1.Task0.V0\Tyuiu.KaidalovIG.Sprint1.Task0.V0.csproj", "{4FA7B43B-F8D8-492A-A2EC-3E41B88BFC3D}"
EndProject
Project("{FAE04EC0-301F-11D3-BF4B-00C04F79EFBC}") = "Tyuiu.KaidalovIG.Sprint1.Task0.V0.Lib", "Tyuiu.KaidalovIG.Sprint1.Task0.V0.Lib\Tyuiu.KaidalovIG.Sprint1.Task0.V0.Lib.csproj", "{AC47D890-C7D1-4F9F-BAFA-4C8FD7FEAD9B}"
EndProject
Project("{FAE04EC0-301F-11D3-BF4B-00C04F79EFBC}") = "Tyuiu.KaidalovIG.Sprint1.Task0.V0.Test", "Tyuiu.KaidalovIG.Sprint1.Task0.V0.Test\Tyuiu.KaidalovIG.Sprint1.Task0.V0.Test.csproj", "{757A7A66-8AFE-4A16-B721-845EF06D84CD}"
EndProject
Project("{2150E333-8FDC-42A3-9474-1A3956D46DE8}") = "NewFolder1", "NewFolder1", "{A5FE16B0-EA3B-468A-B6C9-5F4479DD6F04}"
EndProject
Project("{FAE04EC0-301F-11D3-BF4B-00C04F79EFBC}") = "Tyuiu.KaidalovIG.Sprint1.Task1.V16", "Tyuiu.KaidalovIG.Sprint1.Task1.V16\Tyuiu.KaidalovIG.Sprint1.Task1.V16.csproj", "{A49E27C7-22DC-469A-9A87-70D614F0AEF4}"
EndProject
Project("{FAE04EC0-301F-11D3-BF4B-00C04F79EFBC}") = "Tyuiu.KaidalovIG.Sprint1.Task1.V16.Test", "Tyuiu.KaidalovIG.Sprint1.Task1.V16.Test\Tyuiu.KaidalovIG.Sprint1.Task1.V16.Test.csproj", "{6DFC56D0-1897-4980-91DD-559BDF2A4F46}"
EndProject
Project("{FAE04EC0-301F-11D3-BF4B-00C04F79EFBC}") = "Tyuiu.KaidalovIG.Sprint1.Task1.V16.Lib", "Tyuiu.KaidalovIG.Sprint1.Task1.V16.Lib\Tyuiu.KaidalovIG.Sprint1.Task1.V16.Lib.csproj", "{85F9CBD8-BFEE-4F52-B79D-68634D567D33}"
EndProject
Project("{2150E333-8FDC-42A3-9474-1A3956D46DE8}") = "NewFolder2", "NewFolder2", "{E4F31912-9954-4CD1-B204-EB4518921F5B}"
EndProject
Project("{FAE04EC0-301F-11D3-BF4B-00C04F79EFBC}") = "Tyuiu.KaidalovIG.Sprint1.Task2.V26", "Tyuiu.KaidalovIG.Sprint1.Task2.V26\Tyuiu.KaidalovIG.Sprint1.Task2.V26.csproj", "{56E75EE9-BD63-4D80-8E2B-87C89173AD79}"
EndProject
Project("{FAE04EC0-301F-11D3-BF4B-00C04F79EFBC}") = "Tyuiu.KaidalovIG.Sprint1.Task2.V26.Lib", "Tyuiu.KaidalovIG.Sprint1.Task2.V26.Lib\Tyuiu.KaidalovIG.Sprint1.Task2.V26.Lib.csproj", "{6BA0A8EB-903A-495D-97FB-596DD376A286}"
EndProject
Project("{FAE04EC0-301F-11D3-BF4B-00C04F79EFBC}") = "Tyuiu.KaidalovIG.Sprint1.Task2.V26.Test", "Tyuiu.KaidalovIG.Sprint1.Task2.V26.Test\Tyuiu.KaidalovIG.Sprint1.Task2.V26.Test.csproj", "{BA2D475F-352A-48EC-A26A-658A690D52C4}"
EndProject
Project("{2150E333-8FDC-42A3-9474-1A3956D46DE8}") = "NewFolder3", "NewFolder3", "{AC742CA9-DE04-4F6E-9BF7-4540AEEE3639}"
EndProject
Project("{FAE04EC0-301F-11D3-BF4B-00C04F79EFBC}") = "Tyuiu.KaidalovIG.Sprint1.Task3.V5", "Tyuiu.KaidalovIG.Sprint1.Task3.V5\Tyuiu.KaidalovIG.Sprint1.Task3.V5.csproj", "{92D12184-8ACF-4DD9-8559-0AD54B2D26C9}"
EndProject
Project("{FAE04EC0-301F-11D3-BF4B-00C04F79EFBC}") = "Tyuiu.KaidalovIG.Sprint1.Task3.V5.Lib", "Tyuiu.KaidalovIG.Sprint1.Task3.V5.Lib\Tyuiu.KaidalovIG.Sprint1.Task3.V5.Lib.csproj", "{5F02942D-7ED4-4DEA-BC95-792E841B398E}"
EndProject
Project("{FAE04EC0-301F-11D3-BF4B-00C04F79EFBC}") = "Tyuiu.KaidalovIG.Sprint1.Task3.V5.Test", "Tyuiu.KaidalovIG.Sprint1.Task3.V5.Test\Tyuiu.KaidalovIG.Sprint1.Task3.V5.Test.csproj", "{97E6DAF0-805E-459E-87C2-9750FACBA324}"
EndProject
Project("{2150E333-8FDC-42A3-9474-1A3956D46DE8}") = "NewFolder4", "NewFolder4", "{779B1A3D-83D0-4B12-8D65-592CADEC3094}"
EndProject
Project("{FAE04EC0-301F-11D3-BF4B-00C04F79EFBC}") = "Tyuiu.KaidalovIG.Sprint1.Task4.V14", "Tyuiu.KaidalovIG.Sprint1.Task4.V14\Tyuiu.KaidalovIG.Sprint1.Task4.V14.csproj", "{3CFA3B55-2589-43B4-A981-81A3CE2E51B9}"
EndProject
Project("{FAE04EC0-301F-11D3-BF4B-00C04F79EFBC}") = "Tyuiu.KaidalovIG.Sprint1.Task4.V14.Test", "Tyuiu.KaidalovIG.Sprint1.Task4.V14.Test\Tyuiu.KaidalovIG.Sprint1.Task4.V14.Test.csproj", "{4D2A7BA2-1025-44C7-A6B9-640761382C76}"
EndProject
Project("{FAE04EC0-301F-11D3-BF4B-00C04F79EFBC}") = "Tyuiu.KaidalovIG.Sprint1.Task4.V14.Lib", "Tyuiu.KaidalovIG.Sprint1.Task4.V14.Lib\Tyuiu.KaidalovIG.Sprint1.Task4.V14.Lib.csproj", "{C96F001E-2F8C-400F-825B-DDCDCEB49348}"
EndProject
Project("{2150E333-8FDC-42A3-9474-1A3956D46DE8}") = "NewFolder5", "NewFolder5", "{06540AC0-37BE-4723-B9C9-7D0C8D04AD58}"
EndProject
Project("{FAE04EC0-301F-11D3-BF4B-00C04F79EFBC}") = "Tyuiu.KaidalovIG.Sprint1.Task5.V7", "Tyuiu.KaidalovIG.Sprint1.Task5.V7\Tyuiu.KaidalovIG.Sprint1.Task5.V7.csproj", "{3588D3AA-B74C-40C0-A898-CDEA81965D46}"
EndProject
Project("{FAE04EC0-301F-11D3-BF4B-00C04F79EFBC}") = "Tyuiu.KaidalovIG.Sprint1.Task5.V7.Lib", "Tyuiu.KaidalovIG.Sprint1.Task5.V7.Lib\Tyuiu.KaidalovIG.Sprint1.Task5.V7.Lib.csproj", "{915C493E-2F7F-4D42-B505-D2BB7149B9DB}"
EndProject
Project("{FAE04EC0-301F-11D3-BF4B-00C04F79EFBC}") = "Tyuiu.KaidalovIG.Sprint1.Task5.V7.Test", "Tyuiu.KaidalovIG.Sprint1.Task5.V7.Test\Tyuiu.KaidalovIG.Sprint1.Task5.V7.Test.csproj", "{8FFC9122-2B5D-46C7-BF51-0C645BA8F633}"
EndProject
Global
	GlobalSection(SolutionConfigurationPlatforms) = preSolution
		Debug|Any CPU = Debug|Any CPU
		Release|Any CPU = Release|Any CPU
	EndGlobalSection
	GlobalSection(ProjectConfigurationPlatforms) = postSolution
		{4FA7B43B-F8D8-492A-A2EC-3E41B88BFC3D}.Debug|Any CPU.ActiveCfg = Debug|Any CPU
		{4FA7B43B-F8D8-492A-A2EC-3E41B88BFC3D}.Debug|Any CPU.Build.0 = Debug|Any CPU
		{4FA7B43B-F8D8-492A-A2EC-3E41B88BFC3D}.Release|Any CPU.ActiveCfg = Release|Any CPU
		{4FA7B43B-F8D8-492A-A2EC-3E41B88BFC3D}.Release|Any CPU.Build.0 = Release|Any CPU
		{AC47D890-C7D1-4F9F-BAFA-4C8FD7FEAD9B}.Debug|Any CPU.ActiveCfg = Debug|Any CPU
		{AC47D890-C7D1-4F9F-BAFA-4C8FD7FEAD9B}.Debug|Any CPU.Build.0 = Debug|Any CPU
		{AC47D890-C7D1-4F9F-BAFA-4C8FD7FEAD9B}.Release|Any CPU.ActiveCfg = Release|Any CPU
		{AC47D890-C7D1-4F9F-BAFA-4C8FD7FEAD9B}.Release|Any CPU.Build.0 = Release|Any CPU
		{757A7A66-8AFE-4A16-B721-845EF06D84CD}.Debug|Any CPU.ActiveCfg = Debug|Any CPU
		{757A7A66-8AFE-4A16-B721-845EF06D84CD}.Debug|Any CPU.Build.0 = Debug|Any CPU
		{757A7A66-8AFE-4A16-B721-845EF06D84CD}.Release|Any CPU.ActiveCfg = Release|Any CPU
		{757A7A66-8AFE-4A16-B721-845EF06D84CD}.Release|Any CPU.Build.0 = Release|Any CPU
		{A49E27C7-22DC-469A-9A87-70D614F0AEF4}.Debug|Any CPU.ActiveCfg = Debug|Any CPU
		{A49E27C7-22DC-469A-9A87-70D614F0AEF4}.Debug|Any CPU.Build.0 = Debug|Any CPU
		{A49E27C7-22DC-469A-9A87-70D614F0AEF4}.Release|Any CPU.ActiveCfg = Release|Any CPU
		{A49E27C7-22DC-469A-9A87-70D614F0AEF4}.Release|Any CPU.Build.0 = Release|Any CPU
		{6DFC56D0-1897-4980-91DD-559BDF2A4F46}.Debug|Any CPU.ActiveCfg = Debug|Any CPU
		{6DFC56D0-1897-4980-91DD-559BDF2A4F46}.Debug|Any CPU.Build.0 = Debug|Any CPU
		{6DFC56D0-1897-4980-91DD-559BDF2A4F46}.Release|Any CPU.ActiveCfg = Release|Any CPU
		{6DFC56D0-1897-4980-91DD-559BDF2A4F46}.Release|Any CPU.Build.0 = Release|Any CPU
		{85F9CBD8-BFEE-4F52-B79D-68634D567D33}.Debug|Any CPU.ActiveCfg = Debug|Any CPU
		{85F9CBD8-BFEE-4F52-B79D-68634D567D33}.Debug|Any CPU.Build.0 = Debug|Any CPU
		{85F9CBD8-BFEE-4F52-B79D-68634D567D33}.Release|Any CPU.ActiveCfg = Release|Any CPU
		{85F9CBD8-BFEE-4F52-B79D-68634D567D33}.Release|Any CPU.Build.0 = Release|Any CPU
		{56E75EE9-BD63-4D80-8E2B-87C89173AD79}.Debug|Any CPU.ActiveCfg = Debug|Any CPU
		{56E75EE9-BD63-4D80-8E2B-87C89173AD79}.Debug|Any CPU.Build.0 = Debug|Any CPU
		{56E75EE9-BD63-4D80-8E2B-87C89173AD79}.Release|Any CPU.ActiveCfg = Release|Any CPU
		{56E75EE9-BD63-4D80-8E2B-87C89173AD79}.Release|Any CPU.Build.0 = Release|Any CPU
		{6BA0A8EB-903A-495D-97FB-596DD376A286}.Debug|Any CPU.ActiveCfg = Debug|Any CPU
		{6BA0A8EB-903A-495D-97FB-596DD376A286}.Debug|Any CPU.Build.0 = Debug|Any CPU
		{6BA0A8EB-903A-495D-97FB-596DD376A286}.Release|Any CPU.ActiveCfg = Release|Any CPU
		{6BA0A8EB-903A-495D-97FB-596DD376A286}.Release|Any CPU.Build.0 = Release|Any CPU
		{BA2D475F-352A-48EC-A26A-658A690D52C4}.Debug|Any CPU.ActiveCfg = Debug|Any CPU
		{BA2D475F-352A-48EC-A26A-658A690D52C4}.Debug|Any CPU.Build.0 = Debug|Any CPU
		{BA2D475F-352A-48EC-A26A-658A690D52C4}.Release|Any CPU.ActiveCfg = Release|Any CPU
		{BA2D475F-352A-48EC-A26A-658A690D52C4}.Release|Any CPU.Build.0 = Release|Any CPU
		{92D12184-8ACF-4DD9-8559-0AD54B2D26C9}.Debug|Any CPU.ActiveCfg = Debug|Any CPU
		{92D12184-8ACF-4DD9-8559-0AD54B2D26C9}.Debug|Any CPU.Build.0 = Debug|Any CPU
		{92D12184-8ACF-4DD9-8559-0AD54B2D26C9}.Release|Any CPU.ActiveCfg = Release|Any CPU
		{92D12184-8ACF-4DD9-8559-0AD54B2D26C9}.Release|Any CPU.Build.0 = Release|Any CPU
		{5F02942D-7ED4-4DEA-BC95-792E841B398E}.Debug|Any CPU.ActiveCfg = Debug|Any CPU
		{5F02942D-7ED4-4DEA-BC95-792E841B398E}.Debug|Any CPU.Build.0 = Debug|Any CPU
		{5F02942D-7ED4-4DEA-BC95-792E841B398E}.Release|Any CPU.ActiveCfg = Release|Any CPU
		{5F02942D-7ED4-4DEA-BC95-792E841B398E}.Release|Any CPU.Build.0 = Release|Any CPU
		{97E6DAF0-805E-459E-87C2-9750FACBA324}.Debug|Any CPU.ActiveCfg = Debug|Any CPU
		{97E6DAF0-805E-459E-87C2-9750FACBA324}.Debug|Any CPU.Build.0 = Debug|Any CPU
		{97E6DAF0-805E-459E-87C2-9750FACBA324}.Release|Any CPU.ActiveCfg = Release|Any CPU
		{97E6DAF0-805E-459E-87C2-9750FACBA324}.Release|Any CPU.Build.0 = Release|Any CPU
		{3CFA3B55-2589-43B4-A981-81A3CE2E51B9}.Debug|Any CPU.ActiveCfg = Debug|Any CPU
		{3CFA3B55-2589-43B4-A981-81A3CE2E51B9}.Debug|Any CPU.Build.0 = Debug|Any CPU
		{3CFA3B55-2589-43B4-A981-81A3CE2E51B9}.Release|Any CPU.ActiveCfg = Release|Any CPU
		{3CFA3B55-2589-43B4-A981-81A3CE2E51B9}.Release|Any CPU.Build.0 = Release|Any CPU
		{4D2A7BA2-1025-44C7-A6B9-640761382C76}.Debug|Any CPU.ActiveCfg = Debug|Any CPU
		{4D2A7BA2-1025-44C7-A6B9-640761382C76}.Debug|Any CPU.Build.0 = Debug|Any CPU
		{4D2A7BA2-1025-44C7-A6B9-640761382C76}.Release|Any CPU.ActiveCfg = Release|Any CPU
		{4D2A7BA2-1025-44C7-A6B9-640761382C76}.Release|Any CPU.Build.0 = Release|Any CPU
		{C96F001E-2F8C-400F-825B-DDCDCEB49348}.Debug|Any CPU.ActiveCfg = Debug|Any CPU
		{C96F001E-2F8C-400F-825B-DDCDCEB49348}.Debug|Any CPU.Build.0 = Debug|Any CPU
		{C96F001E-2F8C-400F-825B-DDCDCEB49348}.Release|Any CPU.ActiveCfg = Release|Any CPU
		{C96F001E-2F8C-400F-825B-DDCDCEB49348}.Release|Any CPU.Build.0 = Release|Any CPU
		{3588D3AA-B74C-40C0-A898-CDEA81965D46}.Debug|Any CPU.ActiveCfg = Debug|Any CPU
		{3588D3AA-B74C-40C0-A898-CDEA81965D46}.Debug|Any CPU.Build.0 = Debug|Any CPU
		{3588D3AA-B74C-40C0-A898-CDEA81965D46}.Release|Any CPU.ActiveCfg = Release|Any CPU
		{3588D3AA-B74C-40C0-A898-CDEA81965D46}.Release|Any CPU.Build.0 = Release|Any CPU
		{915C493E-2F7F-4D42-B505-D2BB7149B9DB}.Debug|Any CPU.ActiveCfg = Debug|Any CPU
		{915C493E-2F7F-4D42-B505-D2BB7149B9DB}.Debug|Any CPU.Build.0 = Debug|Any CPU
		{915C493E-2F7F-4D42-B505-D2BB7149B9DB}.Release|Any CPU.ActiveCfg = Release|Any CPU
		{915C493E-2F7F-4D42-B505-D2BB7149B9DB}.Release|Any CPU.Build.0 = Release|Any CPU
		{8FFC9122-2B5D-46C7-BF51-0C645BA8F633}.Debug|Any CPU.ActiveCfg = Debug|Any CPU
		{8FFC9122-2B5D-46C7-BF51-0C645BA8F633}.Debug|Any CPU.Build.0 = Debug|Any CPU
		{8FFC9122-2B5D-46C7-BF51-0C645BA8F633}.Release|Any CPU.ActiveCfg = Release|Any CPU
		{8FFC9122-2B5D-46C7-BF51-0C645BA8F633}.Release|Any CPU.Build.0 = Release|Any CPU
	EndGlobalSection
	GlobalSection(SolutionProperties) = preSolution
		HideSolutionNode = FALSE
	EndGlobalSection
	GlobalSection(NestedProjects) = preSolution
		{4FA7B43B-F8D8-492A-A2EC-3E41B88BFC3D} = {AE486BD1-8572-40AC-89DB-2E7A9CFD29E7}
		{AC47D890-C7D1-4F9F-BAFA-4C8FD7FEAD9B} = {AE486BD1-8572-40AC-89DB-2E7A9CFD29E7}
		{757A7A66-8AFE-4A16-B721-845EF06D84CD} = {AE486BD1-8572-40AC-89DB-2E7A9CFD29E7}
		{A49E27C7-22DC-469A-9A87-70D614F0AEF4} = {A5FE16B0-EA3B-468A-B6C9-5F4479DD6F04}
		{6DFC56D0-1897-4980-91DD-559BDF2A4F46} = {A5FE16B0-EA3B-468A-B6C9-5F4479DD6F04}
		{85F9CBD8-BFEE-4F52-B79D-68634D567D33} = {A5FE16B0-EA3B-468A-B6C9-5F4479DD6F04}
		{56E75EE9-BD63-4D80-8E2B-87C89173AD79} = {E4F31912-9954-4CD1-B204-EB4518921F5B}
		{6BA0A8EB-903A-495D-97FB-596DD376A286} = {E4F31912-9954-4CD1-B204-EB4518921F5B}
		{BA2D475F-352A-48EC-A26A-658A690D52C4} = {E4F31912-9954-4CD1-B204-EB4518921F5B}
		{92D12184-8ACF-4DD9-8559-0AD54B2D26C9} = {AC742CA9-DE04-4F6E-9BF7-4540AEEE3639}
		{5F02942D-7ED4-4DEA-BC95-792E841B398E} = {AC742CA9-DE04-4F6E-9BF7-4540AEEE3639}
		{97E6DAF0-805E-459E-87C2-9750FACBA324} = {AC742CA9-DE04-4F6E-9BF7-4540AEEE3639}
		{3CFA3B55-2589-43B4-A981-81A3CE2E51B9} = {779B1A3D-83D0-4B12-8D65-592CADEC3094}
		{4D2A7BA2-1025-44C7-A6B9-640761382C76} = {779B1A3D-83D0-4B12-8D65-592CADEC3094}
		{C96F001E-2F8C-400F-825B-DDCDCEB49348} = {779B1A3D-83D0-4B12-8D65-592CADEC3094}
		{3588D3AA-B74C-40C0-A898-CDEA81965D46} = {06540AC0-37BE-4723-B9C9-7D0C8D04AD58}
		{915C493E-2F7F-4D42-B505-D2BB7149B9DB} = {06540AC0-37BE-4723-B9C9-7D0C8D04AD58}
		{8FFC9122-2B5D-46C7-BF51-0C645BA8F633} = {06540AC0-37BE-4723-B9C9-7D0C8D04AD58}
	EndGlobalSection
	GlobalSection(ExtensibilityGlobals) = postSolution
		SolutionGuid = {40FE1ECA-56AD-4348-B089-A8C8740C4FD8}
	EndGlobalSection
EndGlobal
